Microsoft Visual Studio Solution File, Format Version 11.00
# Visual Studio 2008

Project("{61CDD1D6-5BB7-4672-EF0C-12EA18695201}") = "xombie kidz", "Assembly-CSharp.csproj", "{1C6F2C78-6CD6-9D1E-38BD-21E7898F91D1}"
EndProject
Global
	GlobalSection(SolutionConfigurationPlatforms) = preSolution
		Debug|Any CPU = Debug|Any CPU
		Release|Any CPU = Release|Any CPU
	EndGlobalSection
	GlobalSection(ProjectConfigurationPlatforms) = postSolution
		{1C6F2C78-6CD6-9D1E-38BD-21E7898F91D1}.Debug|Any CPU.ActiveCfg = Debug|Any CPU
		{1C6F2C78-6CD6-9D1E-38BD-21E7898F91D1}.Debug|Any CPU.Build.0 = Debug|Any CPU
		{1C6F2C78-6CD6-9D1E-38BD-21E7898F91D1}.Release|Any CPU.ActiveCfg = Release|Any CPU
		{1C6F2C78-6CD6-9D1E-38BD-21E7898F91D1}.Release|Any CPU.Build.0 = Release|Any CPU
	EndGlobalSection
	GlobalSection(SolutionProperties) = preSolution
		HideSolutionNode = FALSE
	EndGlobalSection
	GlobalSection(MonoDevelopProperties) = preSolution
		StartupItem = Assembly-CSharp.csproj
	EndGlobalSection
EndGlobal
